version = 1
revision = 3
requires-python = ">=3.14"

[[package]]
name = "colorama"
version = "0.4.6"
source = { registry = "https://pypi.org/simple" }
sdist = { url = "https://files.pythonhosted.org/packages/d8/53/6f443c9a4a8358a93a6792e2acffb9d9d5cb0a5cfd8802644b7b1c9a02e4/colorama-0.4.6.tar.gz", hash = "sha256:08695f5cb7ed6e0531a20572697297273c47b8cae5a63ffc6d6ed5c201be6e44", size = 27697, upload-time = "2022-10-25T02:36:22.414Z" }
wheels = [
    { url = "https://files.pythonhosted.org/packages/d1/d6/3965ed04c63042e047cb6a3e6ed1a63a35087b6a609aa3a15ed8ac56c221/colorama-0.4.6-py2.py3-none-any.whl", hash = "sha256:4f1d9991f5acc0ca119f9d443620b77f9d6b33703e51011c16baf57afb285fc6", size = 25335, upload-time = "2022-10-25T02:36:20.889Z" },
]

[[package]]
name = "langcodes"
version = "3.5.1"
source = { registry = "https://pypi.org/simple" }
sdist = { url = "https://files.pythonhosted.org/packages/a9/75/f9edc5d72945019312f359e69ded9f82392a81d49c5051ed3209b100c0d2/langcodes-3.5.1.tar.gz", hash = "sha256:40bff315e01b01d11c2ae3928dd4f5cbd74dd38f9bd912c12b9a3606c143f731", size = 191084, upload-time = "2025-12-02T16:22:01.627Z" }
wheels = [
    { url = "https://files.pythonhosted.org/packages/dd/c1/d10b371bcba7abce05e2b33910e39c33cfa496a53f13640b7b8e10bb4d2b/langcodes-3.5.1-py3-none-any.whl", hash = "sha256:b6a9c25c603804e2d169165091d0cdb23934610524a21d226e4f463e8e958a72", size = 183050, upload-time = "2025-12-02T16:21:59.954Z" },
]

[[package]]
name = "loguru"
version = "0.7.3"
source = { registry = "https://pypi.org/simple" }
dependencies = [
    { name = "colorama", marker = "sys_platform == 'win32'" },
    { name = "win32-setctime", marker = "sys_platform == 'win32'" },
]
sdist = { url = "https://files.pythonhosted.org/packages/3a/05/a1dae3dffd1116099471c643b8924f5aa6524411dc6c63fdae648c4f1aca/loguru-0.7.3.tar.gz", hash = "sha256:19480589e77d47b8d85b2c827ad95d49bf31b0dcde16593892eb51dd18706eb6", size = 63559, upload-time = "2024-12-06T11:20:56.608Z" }
wheels = [
    { url = "https://files.pythonhosted.org/packages/0c/29/0348de65b8cc732daa3e33e67806420b2ae89bdce2b04af740289c5c6c8c/loguru-0.7.3-py3-none-any.whl", hash = "sha256:31a33c10c8e1e10422bfd431aeb5d351c7cf7fa671e3c4df004162264b28220c", size = 61595, upload-time = "2024-12-06T11:20:54.538Z" },
]

[[package]]
name = "pixel-font-knife"
version = "0.0.31"
source = { registry = "https://pypi.org/simple" }
dependencies = [
    { name = "pyyaml" },
    { name = "unicodedata2" },
    { name = "unidata-blocks" },
]
sdist = { url = "https://files.pythonhosted.org/packages/22/2d/854623afbefebca1152b10b76e68021ff0ab35d57fab0f24b0045236c067/pixel_font_knife-0.0.31.tar.gz", hash = "sha256:8e998aa8f890df54b911c8722ea4955c06c4a26fc3b6c362c43749333f1262c2", size = 42419, upload-time = "2026-09-26T08:00:45.592Z" }
wheels = [
    { url = "https://files.pythonhosted.org/packages/7e/1e/d9af28885c3b7e45aae9185de0abd58f719954a1fd79f72a0297cfd05250/pixel_font_knife-0.0.31-py3-none-any.whl", hash = "sha256:7c53bb5d6eb1ef75588d714d16c7a08fd506e80ce5c3ca287519499d808c3b3c", size = 53910, upload-time = "2026-09-26T08:00:44.278Z" },
]

[[package]]
name = "pixel-glyphs-hangul-syllables"
version = "0.0.0"
source = { virtual = "." }
dependencies = [
    { name = "loguru" },
    { name = "pixel-font-knife" },
]

[package.metadata]
requires-dist = [
    { name = "loguru", specifier = "==0.7.3" },
    { name = "pixel-font-knife", specifier = "==0.0.31" },
]

[[package]]
name = "pyyaml"
version = "6.0.3"
source = { registry = "https://pypi.org/simple" }
sdist = { url = "https://files.pythonhosted.org/packages/05/8e/961c0007c59b8dd7729d542c61a4d537767a59645b82a0b521206e1e25c2/pyyaml-6.0.3.tar.gz", hash = "sha256:d76623373421df22fb4cf8817020cbb7ef15c725b9d5e45f17e189bfc384190f", size = 130960, upload-time = "2025-09-25T21:33:16.546Z" }
wheels = [
    { url = "https://files.pythonhosted.org/packages/9d/8c/f4bd7f6465179953d3ac9bc44ac1a8a3e6122cf8ada906b4f96c60172d43/pyyaml-6.0.3-cp314-cp314-macosx_10_13_x86_64.whl", hash = "sha256:8d1fab6bb153a416f9aeb4b8763bc0f22a5586065f86f7664fc23339fc1c1fac", size = 181814, upload-time = "2025-09-25T21:32:35.712Z" },
    { url = "https://files.pythonhosted.org/packages/bd/9c/4d95bb87eb2063d20db7b60faa3840c1b18025517ae857371c4dd55a6b3a/pyyaml-6.0.3-cp314-cp314-macosx_11_0_arm64.whl", hash = "sha256:34d5fcd24b8445fadc33f9cf348c1047101756fd760b4dacb5c3e99755703310", size = 173809, upload-time = "2025-09-25T21:32:36.789Z" },
    { url = "https://files.pythonhosted.org/packages/92/b5/47e807c2623074914e29dabd16cbbdd4bf5e9b2db9f8090fa64411fc5382/pyyaml-6.0.3-cp314-cp314-manylinux2014_aarch64.manylinux_2_17_aarch64.manylinux_2_28_aarch64.whl", hash = "sha256:501a031947e3a9025ed4405a168e6ef5ae3126c59f90ce0cd6f2bfc477be31b7", size = 766454, upload-time = "2025-09-25T21:32:37.966Z" },
    { url = "https://files.pythonhosted.org/packages/02/9e/e5e9b168be58564121efb3de6859c452fccde0ab093d8438905899a3a483/pyyaml-6.0.3-cp314-cp314-manylinux2014_s390x.manylinux_2_17_s390x.manylinux_2_28_s390x.whl", hash = "sha256:b3bc83488de33889877a0f2543ade9f70c67d66d9ebb4ac959502e12de895788", size = 836355, upload-time = "2025-09-25T21:32:39.178Z" },
    { url = "https://files.pythonhosted.org/packages/88/f9/16491d7ed2a919954993e48aa941b200f38040928474c9e85ea9e64222c3/pyyaml-6.0.3-cp314-cp314-manylinux2014_x86_64.manylinux_2_17_x86_64.manylinux_2_28_x86_64.whl", hash = "sha256:c458b6d084f9b935061bc36216e8a69a7e293a2f1e68bf956dcd9e6cbcd143f5", size = 794175, upload-time = "2025-09-25T21:32:40.865Z" },
    { url = "https://files.pythonhosted.org/packages/dd/3f/5989debef34dc6397317802b527dbbafb2b4760878a53d4166579111411e/pyyaml-6.0.3-cp314-cp314-musllinux_1_2_aarch64.whl", hash = "sha256:7c6610def4f163542a622a73fb39f534f8c101d690126992300bf3207eab9764", size = 755228, upload-time = "2025-09-25T21:32:42.084Z" },
    { url = "https://files.pythonhosted.org/packages/d7/ce/af88a49043cd2e265be63d083fc75b27b6ed062f5f9fd6cdc223ad62f03e/pyyaml-6.0.3-cp314-cp314-musllinux_1_2_x86_64.whl", hash = "sha256:5190d403f121660ce8d1d2c1bb2ef1bd05b5f68533fc5c2ea899bd15f4399b35", size = 789194, upload-time = "2025-09-25T21:32:43.362Z" },
    { url = "https://files.pythonhosted.org/packages/23/20/bb6982b26a40bb43951265ba29d4c246ef0ff59c9fdcdf0ed04e0687de4d/pyyaml-6.0.3-cp314-cp314-win_amd64.whl", hash = "sha256:4a2e8cebe2ff6ab7d1050ecd59c25d4c8bd7e6f400f5f82b96557ac0abafd0ac", size = 156429, upload-time = "2025-09-25T21:32:57.844Z" },
    { url = "https://files.pythonhosted.org/packages/f4/f4/a4541072bb9422c8a883ab55255f918fa378ecf083f5b85e87fc2b4eda1b/pyyaml-6.0.3-cp314-cp314-win_arm64.whl", hash = "sha256:93dda82c9c22deb0a405ea4dc5f2d0cda384168e466364dec6255b293923b2f3", size = 143912, upload-time = "2025-09-25T21:32:59.247Z" },
    { url = "https://files.pythonhosted.org/packages/7c/f9/07dd09ae774e4616edf6cda684ee78f97777bdd15847253637a6f052a62f/pyyaml-6.0.3-cp314-cp314t-macosx_10_13_x86_64.whl", hash = "sha256:02893d100e99e03eda1c8fd5c441d8c60103fd175728e23e431db1b589cf5ab3", size = 189108, upload-time = "2025-09-25T21:32:44.377Z" },
    { url = "https://files.pythonhosted.org/packages/4e/78/8d08c9fb7ce09ad8c38ad533c1191cf27f7ae1effe5bb9400a46d9437fcf/pyyaml-6.0.3-cp314-cp314t-macosx_11_0_arm64.whl", hash = "sha256:c1ff362665ae507275af2853520967820d9124984e0f7466736aea23d8611fba", size = 183641, upload-time = "2025-09-25T21:32:45.407Z" },
    { url = "https://files.pythonhosted.org/packages/7b/5b/3babb19104a46945cf816d047db2788bcaf8c94527a805610b0289a01c6b/pyyaml-6.0.3-cp314-cp314t-manylinux2014_aarch64.manylinux_2_17_aarch64.manylinux_2_28_aarch64.whl", hash = "sha256:6adc77889b628398debc7b65c073bcb99c4a0237b248cacaf3fe8a557563ef6c", size = 831901, upload-time = "2025-09-25T21:32:48.83Z" },
    { url = "https://files.pythonhosted.org/packages/8b/cc/dff0684d8dc44da4d22a13f35f073d558c268780ce3c6ba1b87055bb0b87/pyyaml-6.0.3-cp314-cp314t-manylinux2014_s390x.manylinux_2_17_s390x.manylinux_2_28_s390x.whl", hash = "sha256:a80cb027f6b349846a3bf6d73b5e95e782175e52f22108cfa17876aaeff93702", size = 861132, upload-time = "2025-09-25T21:32:50.149Z" },
    { url = "https://files.pythonhosted.org/packages/b1/5e/f77dc6b9036943e285ba76b49e118d9ea929885becb0a29ba8a7c75e29fe/pyyaml-6.0.3-cp314-cp314t-manylinux2014_x86_64.manylinux_2_17_x86_64.manylinux_2_28_x86_64.whl", hash = "sha256:00c4bdeba853cc34e7dd471f16b4114f4162dc03e6b7afcc2128711f0eca823c", size = 839261, upload-time = "2025-09-25T21:32:51.808Z" },
    { url = "https://files.pythonhosted.org/packages/ce/88/a9db1376aa2a228197c58b37302f284b5617f56a5d959fd1763fb1675ce6/pyyaml-6.0.3-cp314-cp314t-musllinux_1_2_aarch64.whl", hash = "sha256:66e1674c3ef6f541c35191caae2d429b967b99e02040f5ba928632d9a7f0f065", size = 805272, upload-time = "2025-09-25T21:32:52.941Z" },
    { url = "https://files.pythonhosted.org/packages/da/92/1446574745d74df0c92e6aa4a7b0b3130706a4142b2d1a5869f2eaa423c6/pyyaml-6.0.3-cp314-cp314t-musllinux_1_2_x86_64.whl", hash = "sha256:16249ee61e95f858e83976573de0f5b2893b3677ba71c9dd36b9cf8be9ac6d65", size = 829923, upload-time = "2025-09-25T21:32:54.537Z" },
    { url = "https://files.pythonhosted.org/packages/f0/7a/1c7270340330e575b92f397352af856a8c06f230aa3e76f86b39d01b416a/pyyaml-6.0.3-cp314-cp314t-win_amd64.whl", hash = "sha256:4ad1906908f2f5ae4e5a8ddfce73c320c2a1429ec52eafd27138b7f1cbe341c9", size = 174062, upload-time = "2025-09-25T21:32:55.767Z" },
    { url = "https://files.pythonhosted.org/packages/f1/12/de94a39c2ef588c7e6455cfbe7343d3b2dc9d6b6b2f40c4c6565744c873d/pyyaml-6.0.3-cp314-cp314t-win_arm64.whl", hash = "sha256:ebc55a14a21cb14062aa4162f906cd962b28e2e9ea38f9b4391244cd8de4ae0b", size = 149341, upload-time = "2025-09-25T21:32:56.828Z" },
]

[[package]]
name = "unicodedata2"
version = "18.0.0"
source = { registry = "https://pypi.org/simple" }
sdist = { url = "https://files.pythonhosted.org/packages/ce/c3/d46197354c75d61afba45f8371160736ccfde5f50aa660687292c3823909/unicodedata2-18.0.0.tar.gz", hash = "sha256:a9536291a5204caf6423ca7c56131d44f2aafc2fada35ff3a5eac82f7f8c62a7", size = 700214, upload-time = "2026-09-18T12:26:24.978Z" }
wheels = [
    { url = "https://files.pythonhosted.org/packages/d5/b1/116e68243e16f02193969623ac7b491bbebf8c49140cf9b9568283c0c501/unicodedata2-18.0.0-cp314-cp314-macosx_10_15_universal2.whl", hash = "sha256:88ba288291fda75717c8e0b1257473307aac3b1c093c48dd888b4f0ca3781afd", size = 993598, upload-time = "2026-09-18T12:24:58.805Z" },
    { url = "https://files.pythonhosted.org/packages/20/01/c84ab440af1308d642953dd3f4e443c4a220ca5882085c438ef9301ea4aa/unicodedata2-18.0.0-cp314-cp314-macosx_11_0_arm64.whl", hash = "sha256:b558f551585158fe7d44842dbb00292fe02c88a4c32b85b44e39daf99445a67d", size = 505408, upload-time = "2026-09-18T12:25:00.418Z" },
    { url = "https://files.pythonhosted.org/packages/ae/d0/6a4f6eca9414e44ab3b5bcc53040180382afc7ab110198b44ba73ca2a638/unicodedata2-18.0.0-cp314-cp314-manylinux2014_aarch64.manylinux_2_17_aarch64.manylinux_2_28_aarch64.whl", hash = "sha256:f384ee86c459aacdfbbd68e272f7111b8ff93dc8d6b5fc7991ffbaa59b7cd693", size = 544648, upload-time = "2026-09-18T12:25:01.99Z" },
    { url = "https://files.pythonhosted.org/packages/21/77/439913e00f37f746656e56b48a1e86f2af7c372e04830f8603c680369235/unicodedata2-18.0.0-cp314-cp314-manylinux2014_x86_64.manylinux_2_17_x86_64.whl", hash = "sha256:10b7d43f7ebd9afdb9ad666ecd3529a4ab3204fb9ab34144d0e1894f16997be2", size = 544050, upload-time = "2026-09-18T12:25:03.663Z" },
    { url = "https://files.pythonhosted.org/packages/80/96/520703ebe00583712c5ea173474fedd303438a25521aa5e4e9efecdf2817/unicodedata2-18.0.0-cp314-cp314-musllinux_1_2_aarch64.whl", hash = "sha256:1dd553be773125950bf44b99afa156618fb165a3e24a8e91be510ba9de190ade", size = 543301, upload-time = "2026-09-18T12:25:05.11Z" },
    { url = "https://files.pythonhosted.org/packages/af/23/cafb44b9745ad50b27a5717c98674f1b6648f7be55623c5c898a1b8408f4/unicodedata2-18.0.0-cp314-cp314-musllinux_1_2_x86_64.whl", hash = "sha256:6e5851a8da0a5e1e1d0ae652c6968f7fec1351bd927ca79336f5821c819f2f45", size = 545348, upload-time = "2026-09-18T12:25:06.736Z" },
    { url = "https://files.pythonhosted.org/packages/b1/45/baae9188ae33d3a0932d13e9b5d2f78970975b70816c313e25ffab02e8e8/unicodedata2-18.0.0-cp314-cp314-win32.whl", hash = "sha256:907ee21b4e90f9faa5156fd8103c389b0d88c81ed09fdca523b0b68ba3acb0bd", size = 586653, upload-time = "2026-09-18T12:25:08.394Z" },
    { url = "https://files.pythonhosted.org/packages/d7/57/d43d8f78bf4940349c5506ade8bb0cd175895894cc324fb188d19df34603/unicodedata2-18.0.0-cp314-cp314-win_amd64.whl", hash = "sha256:7e59edc910f160843ee6007c1ebda001f730c689e67b45fdcf099e6d4af3c7d3", size = 586414, upload-time = "2026-09-18T12:25:09.964Z" },
    { url = "https://files.pythonhosted.org/packages/cb/26/83761bd416c8e0795e17c38a86a76798b125489ec48a57786d17d854900c/unicodedata2-18.0.0-cp314-cp314-win_arm64.whl", hash = "sha256:f7bda901c5b29f498a1e95d56c2ff1c018479008c70fdfce92f3c64c4deb1e58", size = 587169, upload-time = "2026-09-18T12:25:11.622Z" },
    { url = "https://files.pythonhosted.org/packages/b9/4a/a3a673a55563759f94c757645ef415ee444669a7d73a75bff1737f4211f8/unicodedata2-18.0.0-cp314-cp314t-macosx_10_15_universal2.whl", hash = "sha256:01f5598c24d10f059805b339d21e5860bc5b9a5f941afcf89baee41e59d3a70b", size = 993961, upload-time = "2026-09-18T12:25:13.128Z" },
    { url = "https://files.pythonhosted.org/packages/58/e0/450b001759dc1c24e6851238660eca13b48907d9f08bdac64b3e1ed3ce6f/unicodedata2-18.0.0-cp314-cp314t-macosx_11_0_arm64.whl", hash = "sha256:7fb98ed68db4b8ff88a9ad3981e9f2896bb89d8522d4719df6af76fe0841081a", size = 505582, upload-time = "2026-09-18T12:25:14.882Z" },
    { url = "https://files.pythonhosted.org/packages/56/8e/f99df5f9855b34d28feeb99a7ab324b5e616cc83439265ed14f69f699498/unicodedata2-18.0.0-cp314-cp314t-manylinux2014_aarch64.manylinux_2_17_aarch64.manylinux_2_28_aarch64.whl", hash = "sha256:8454d9b394fed9c0df61d521a61eb6abc66a3bea972d4b7513cdf7664a1d7300", size = 547366, upload-time = "2026-09-18T12:25:16.458Z" },
    { url = "https://files.pythonhosted.org/packages/fa/af/e889a61fcb94875cd0d090aa6ae52c1b75a050ef352c63b59c4993512215/unicodedata2-18.0.0-cp314-cp314t-manylinux2014_x86_64.manylinux_2_17_x86_64.whl", hash = "sha256:12b7e10b71c88fce42404455d91be0769b514a08cc3c896330de5ebf32032915", size = 545884, upload-time = "2026-09-18T12:25:18.07Z" },
    { url = "https://files.pythonhosted.org/packages/06/ad/6cee32575588566aeb4a8998b2390cef7c006a5acee4b347239aecd2a9d0/unicodedata2-18.0.0-cp314-cp314t-musllinux_1_2_aarch64.whl", hash = "sha256:f7aafc2619522917af92a8ddf19d642d67f7e0a8e73c2d93f338fe150b1d4112", size = 545645, upload-time = "2026-09-18T12:25:20.115Z" },
    { url = "https://files.pythonhosted.org/packages/e5/94/eaeb9267b814feda48e73bd4938c2b4bad44209ba51365dcb2d3f00dc64b/unicodedata2-18.0.0-cp314-cp314t-musllinux_1_2_x86_64.whl", hash = "sha256:11ff0b7ebebfa3e1404761700e98b45fbb84351718830dc0092ff13ed4a3d2df", size = 547095, upload-time = "2026-09-18T12:25:22.232Z" },
    { url = "https://files.pythonhosted.org/packages/78/e5/4bc1e4d13b9ff15426c7ff682f32bb04fd2b1d3985835930e8bc3c488fb1/unicodedata2-18.0.0-cp314-cp314t-win32.whl", hash = "sha256:e1d5b1c93484d7d67d516878c8c3db6754fd3e961512d1558c32be3f1f182918", size = 586759, upload-time = "2026-09-18T12:25:24.212Z" },
    { url = "https://files.pythonhosted.org/packages/db/19/7a22c0404eaa64c506c32ccf78a429e3a28a0e4357a7f74926a0746bd0e0/unicodedata2-18.0.0-cp314-cp314t-win_amd64.whl", hash = "sha256:2db0cca5fc1ddf8e8cb76eac6e125a53502dae98022b288c58772db94dd18da1", size = 586583, upload-time = "2026-09-18T12:25:26.019Z" },
    { url = "https://files.pythonhosted.org/packages/ca/6b/586364a2e6454a3ae88f7b531f2ff93e31dc60342c05404c83ff3588735f/unicodedata2-18.0.0-cp314-cp314t-win_arm64.whl", hash = "sha256:0509ae68f10cdd7d09ae5cf492fc232e4e5b6e3d64984825368ae6be385ecbdf", size = 587363, upload-time = "2026-09-18T12:25:27.814Z" },
    { url = "https://files.pythonhosted.org/packages/20/b1/2a2d90be437b909619475659e8f732fede62fbd9038a604b0d627efb2b98/unicodedata2-18.0.0-cp315-cp315-macosx_10_15_universal2.whl", hash = "sha256:a861d6c50c470df676fed06d83c12154e53893400543fca0812f7ec47eeb4f90", size = 993681, upload-time = "2026-09-18T12:25:29.952Z" },
    { url = "https://files.pythonhosted.org/packages/b7/c1/9eaa0d683433bcd8afbcb9da8e04fcbeedf1770373283152b4114fc7bf4c/unicodedata2-18.0.0-cp315-cp315-macosx_11_0_arm64.whl", hash = "sha256:f9eee167d1cffe3b79e5b07d02635f72c381701e24d51a38a759de11b6e4ac3e", size = 505477, upload-time = "2026-09-18T12:25:31.823Z" },
    { url = "https://files.pythonhosted.org/packages/4f/18/14567bb4deb41c12bd51eddc8ca31c50beff6257ecd3984fc59b71f8fc79/unicodedata2-18.0.0-cp315-cp315-manylinux2014_aarch64.manylinux_2_17_aarch64.manylinux_2_28_aarch64.whl", hash = "sha256:2f0b5cdda32b60c91431d770a85199fe3b229c764d75eb1303a22d02904389d3", size = 547935, upload-time = "2026-09-18T12:25:33.487Z" },
    { url = "https://files.pythonhosted.org/packages/c1/37/94367a711b228f2a07b1ab5b7a217809716054e61ec4b32c8cd343a414a8/unicodedata2-18.0.0-cp315-cp315-manylinux2014_x86_64.manylinux_2_17_x86_64.whl", hash = "sha256:7d03c418255ec42b07e1164e02709cb720a70c9d2ab79fc26fbb80577d311982", size = 544727, upload-time = "2026-09-18T12:25:35.233Z" },
    { url = "https://files.pythonhosted.org/packages/c8/97/a54392559c8a5549219261a2cc60343e79b53c4246363b43879ff51e48b1/unicodedata2-18.0.0-cp315-cp315-musllinux_1_2_aarch64.whl", hash = "sha256:1e7d9c3500de9b7dd4a4b7643f31b7ac54ae11bfe873dafe463b00d366c38ef6", size = 546447, upload-time = "2026-09-18T12:25:37.175Z" },
    { url = "https://files.pythonhosted.org/packages/1d/03/c60e68235c9d883d862d5486d630ef1226dc4623238dca7a952b78b866f4/unicodedata2-18.0.0-cp315-cp315-musllinux_1_2_x86_64.whl", hash = "sha256:ad82fb9e9e548fcc5a387ff7c9dfb4cc97497c374bf516eaeb97e0f318cee64b", size = 545930, upload-time = "2026-09-18T12:25:38.924Z" },
    { url = "https://files.pythonhosted.org/packages/fa/8a/6190568a25df12d2f935ab05a9648a838c15fc650e78e8d6818e8befa522/unicodedata2-18.0.0-cp315-cp315-win32.whl", hash = "sha256:3e057c0569262fa1394a33c0307cddde24e723db6b52a52e2bbf25e1b3a83046", size = 586659, upload-time = "2026-09-18T12:25:40.728Z" },
    { url = "https://files.pythonhosted.org/packages/c3/d6/6a983f0f2ca79dc58a21748eec26dbf9abc8053bac3ee0ffd7be40fc520b/unicodedata2-18.0.0-cp315-cp315-win_amd64.whl", hash = "sha256:9755b252a797bb1645558d860061cc9dc14a0318d159f7658cd0c0316dad8ed3", size = 586410, upload-time = "2026-09-18T12:25:42.419Z" },
    { url = "https://files.pythonhosted.org/packages/5d/90/084041f9f01dc0cfa74a717039b27e41303883cd71b30e7bc43ca5dd0f00/unicodedata2-18.0.0-cp315-cp315-win_arm64.whl", hash = "sha256:f0b3f0180c1d93b455c73212c002b672a5f1e69cfa27e3456b5b1b1e0d29e4df", size = 587181, upload-time = "2026-09-18T12:25:44.242Z" },
    { url = "https://files.pythonhosted.org/packages/6f/d8/e31bac2d655571aab933528a897dac457878a9c6be9576d12f2fb6b3d420/unicodedata2-18.0.0-cp315-cp315t-macosx_10_15_universal2.whl", hash = "sha256:be6dc277c1b17baa45bb63a4470c24930b6454d9b1a406109c3d9c92da0bf29c", size = 994037, upload-time = "2026-09-18T12:25:45.899Z" },
    { url = "https://files.pythonhosted.org/packages/f5/05/9ecaae1036d0584fe9e58871b5d65787313a8c9e3ed43f5f0237839af5cf/unicodedata2-18.0.0-cp315-cp315t-macosx_11_0_arm64.whl", hash = "sha256:52b6f58312e4f7f1b4b1d7c8410893873ef17ad3282dd40f988e803aebcb94a4", size = 505672, upload-time = "2026-09-18T12:25:47.562Z" },
    { url = "https://files.pythonhosted.org/packages/05/14/2f873c20f91e10deb8f6244fb45f2d2222f3a9f1171b75358bde255f056b/unicodedata2-18.0.0-cp315-cp315t-manylinux2014_aarch64.manylinux_2_17_aarch64.manylinux_2_28_aarch64.whl", hash = "sha256:9dd64a5f8c8c80c567be374e45002e33271ce8a509713b4295b8ae9299ca8db3", size = 550365, upload-time = "2026-09-18T12:25:49.442Z" },
    { url = "https://files.pythonhosted.org/packages/de/59/931812a1cbc37d91ae2307e5fc37787adb04c705e7dfd7bb0faa1efa8470/unicodedata2-18.0.0-cp315-cp315t-manylinux2014_x86_64.manylinux_2_17_x86_64.whl", hash = "sha256:0172793235054a62bfb781fbaf7bdda000caf7cdcd14fd3a5c44d3d00fa04857", size = 546659, upload-time = "2026-09-18T12:25:51.102Z" },
    { url = "https://files.pythonhosted.org/packages/5a/2f/dba45598c7bddf0701a38a12cef015834040ce807c158cecb22d7a7ca8e5/unicodedata2-18.0.0-cp315-cp315t-musllinux_1_2_aarch64.whl", hash = "sha256:7dbd6971a1888d51ffeef0b9275991630d3fbaf1bb40909d86b69ea36e69a88b", size = 548541, upload-time = "2026-09-18T12:25:52.877Z" },
    { url = "https://files.pythonhosted.org/packages/c4/65/88d824b78c1a65c915497d3d4b462d6e6b7143ce01012d52aacc1c454285/unicodedata2-18.0.0-cp315-cp315t-musllinux_1_2_x86_64.whl", hash = "sha256:5b9ccaed979a288e00a680171e86ebb8fac0d80dae139f4b09d8706993b02c38", size = 547691, upload-time = "2026-09-18T12:25:54.774Z" },
    { url = "https://files.pythonhosted.org/packages/94/61/9e72c91cfca92248fc29656eb9e20c369e6abb1306ca655f07c17654e21a/unicodedata2-18.0.0-cp315-cp315t-win32.whl", hash = "sha256:9d079a2f4ed1fd2a70d14357455bca7236089c2d78b0c8568da403386dca5474", size = 586767, upload-time = "2026-09-18T12:25:56.484Z" },
    { url = "https://files.pythonhosted.org/packages/ed/20/50926aeae6f60caf1ebf22fc7bec2a6c52abd2004070f357e7522e28974a/unicodedata2-18.0.0-cp315-cp315t-win_amd64.whl", hash = "sha256:22ff9763d4a4ac846f091830f27aa2627d9de05a9705c52efea9d918ee8391fd", size = 586587, upload-time = "2026-09-18T12:25:58.113Z" },
    { url = "https://files.pythonhosted.org/packages/ee/d2/6a1d8356ddb7aac2b2199bfda5a163cf193ddf99a29c8144def8402a0d70/unicodedata2-18.0.0-cp315-cp315t-win_arm64.whl", hash = "sha256:220770b2c583ac93bf280f5dd616f5b5fcc5fa7462d52b7f7b5d643e888a8351", size = 587366, upload-time = "2026-09-18T12:25:59.9Z" },
]

[[package]]
name = "unidata-blocks"
version = "0.0.27"
source = { registry = "https://pypi.org/simple" }
dependencies = [
    { name = "langcodes" },
]
sdist = { url = "https://files.pythonhosted.org/packages/d1/0f/617aed960aec9db4d7de1078b4a464cd0a66df8b0985fc258dd6c5e2d54b/unidata_blocks-0.0.27.tar.gz", hash = "sha256:d27703ec2124aafc056c708e834eed111c2d739ae606e4f1b006657050384fc0", size = 15212, upload-time = "2026-09-17T20:28:04.322Z" }
wheels = [
    { url = "https://files.pythonhosted.org/packages/4f/b3/8fb3976975e8a0373660c2a8b470ef9fc356c093e9626ffe90dc1ac8fc2e/unidata_blocks-0.0.27-py3-none-any.whl", hash = "sha256:ea01b98d78561a6da94124a02f2ad2ee66fda1acf2348979ebadc56f56b59e36", size = 26014, upload-time = "2026-09-17T20:28:03.429Z" },
]

[[package]]
name = "win32-setctime"
version = "1.2.0"
source = { registry = "https://pypi.org/simple" }
sdist = { url = "https://files.pythonhosted.org/packages/b3/8f/705086c9d734d3b663af0e9bb3d4de6578d08f46b1b101c2442fd9aecaa2/win32_setctime-1.2.0.tar.gz", hash = "sha256:ae1fdf948f5640aae05c511ade119313fb6a30d7eabe25fef9764dca5873c4c0", size = 4867, upload-time = "2024-12-07T15:28:28.314Z" }
wheels = [
    { url = "https://files.pythonhosted.org/packages/e1/07/c6fe3ad3e685340704d314d765b7912993bcb8dc198f0e7a89382d37974b/win32_setctime-1.2.0-py3-none-any.whl", hash = "sha256:95d644c4e708aba81dc3704a116d8cbc974d70b3bdb8be1d150e36be6e9d1390", size = 4083, upload-time = "2024-12-07T15:28:26.465Z" },
]
