version = 1
revision = 3
requires-python = ">=3.14"

[[package]]
name = "colorama"
version = "0.4.6"
source = { registry = "https://pypi.org/simple" }
sdist = { url = "https://files.pythonhosted.org/packages/d8/53/6f443c9a4a8358a93a6792e2acffb9d9d5cb0a5cfd8802644b7b1c9a02e4/colorama-0.4.6.tar.gz", hash = "sha256:08695f5cb7ed6e0531a20572697297273c47b8cae5a63ffc6d6ed5c201be6e44", size = 27697, upload-time = "2022-10-25T02:36:22.414Z" }
wheels = [
    { url = "https://files.pythonhosted.org/packages/d1/d6/3965ed04c63042e047cb6a3e6ed1a63a35087b6a609aa3a15ed8ac56c221/colorama-0.4.6-py2.py3-none-any.whl", hash = "sha256:4f1d9991f5acc0ca119f9d443620b77f9d6b33703e51011c16baf57afb285fc6", size = 25335, upload-time = "2022-10-25T02:36:20.889Z" },
]

[[package]]
name = "langcodes"
version = "3.5.0"
source = { registry = "https://pypi.org/simple" }
dependencies = [
    { name = "language-data" },
]
sdist = { url = "https://files.pythonhosted.org/packages/3a/7a/5a97e327063409a5caa21541e6d08ae4a0f2da328447e9f2c7b39e179226/langcodes-3.5.0.tar.gz", hash = "sha256:1eef8168d07e51e131a2497ffecad4b663f6208e7c3ae3b8dc15c51734a6f801", size = 191030, upload-time = "2024-11-19T10:23:45.546Z" }
wheels = [
    { url = "https://files.pythonhosted.org/packages/c3/6b/068c2ea7a712bf805c62445bd9e9c06d7340358ef2824150eceac027444b/langcodes-3.5.0-py3-none-any.whl", hash = "sha256:853c69d1a35e0e13da2f427bb68fb2fa4a8f4fb899e0c62ad8df8d073dcfed33", size = 182974, upload-time = "2024-11-19T10:23:42.824Z" },
]

[[package]]
name = "language-data"
version = "1.3.0"
source = { registry = "https://pypi.org/simple" }
dependencies = [
    { name = "marisa-trie" },
]
sdist = { url = "https://files.pythonhosted.org/packages/dd/ce/3f144716a9f2cbf42aa86ebc8b085a184be25c80aa453eea17c294d239c1/language_data-1.3.0.tar.gz", hash = "sha256:7600ef8aa39555145d06c89f0c324bf7dab834ea0b0a439d8243762e3ebad7ec", size = 5129310, upload-time = "2024-11-19T10:21:37.912Z" }
wheels = [
    { url = "https://files.pythonhosted.org/packages/5d/e9/5a5ffd9b286db82be70d677d0a91e4d58f7912bb8dd026ddeeb4abe70679/language_data-1.3.0-py3-none-any.whl", hash = "sha256:e2ee943551b5ae5f89cd0e801d1fc3835bb0ef5b7e9c3a4e8e17b2b214548fbf", size = 5385760, upload-time = "2024-11-19T10:21:36.005Z" },
]

[[package]]
name = "loguru"
version = "0.7.3"
source = { registry = "https://pypi.org/simple" }
dependencies = [
    { name = "colorama", marker = "sys_platform == 'win32'" },
    { name = "win32-setctime", marker = "sys_platform == 'win32'" },
]
sdist = { url = "https://files.pythonhosted.org/packages/3a/05/a1dae3dffd1116099471c643b8924f5aa6524411dc6c63fdae648c4f1aca/loguru-0.7.3.tar.gz", hash = "sha256:19480589e77d47b8d85b2c827ad95d49bf31b0dcde16593892eb51dd18706eb6", size = 63559, upload-time = "2024-12-06T11:20:56.608Z" }
wheels = [
    { url = "https://files.pythonhosted.org/packages/0c/29/0348de65b8cc732daa3e33e67806420b2ae89bdce2b04af740289c5c6c8c/loguru-0.7.3-py3-none-any.whl", hash = "sha256:31a33c10c8e1e10422bfd431aeb5d351c7cf7fa671e3c4df004162264b28220c", size = 61595, upload-time = "2024-12-06T11:20:54.538Z" },
]

[[package]]
name = "marisa-trie"
version = "1.3.1"
source = { registry = "https://pypi.org/simple" }
sdist = { url = "https://files.pythonhosted.org/packages/c5/e3/c9066e74076b90f9701ccd23d6a0b8c1d583feefdec576dc3e1bb093c50d/marisa_trie-1.3.1.tar.gz", hash = "sha256:97107fd12f30e4f8fea97790343a2d2d9a79d93697fe14e1b6f6363c984ff85b", size = 212454, upload-time = "2025-08-26T15:13:18.401Z" }
wheels = [
    { url = "https://files.pythonhosted.org/packages/40/8a/590f25a281e08879791aabec7b8584c7934ff3d5f9d52859197d587246ec/marisa_trie-1.3.1-cp314-cp314-macosx_10_13_x86_64.whl", hash = "sha256:389721481c14a92fa042e4b91ae065bff13e2bc567c85a10aa9d9de80aaa8622", size = 172803, upload-time = "2025-08-26T15:12:45.342Z" },
    { url = "https://files.pythonhosted.org/packages/20/7f/fd19a4aa57ad169d08e518a6ee2438e7e77bfba7786c59f65891db69d202/marisa_trie-1.3.1-cp314-cp314-macosx_11_0_arm64.whl", hash = "sha256:0e6f3b45def6ff23e254eeaa9079267004f0069d0a34eba30a620780caa4f2cb", size = 155506, upload-time = "2025-08-26T15:12:46.701Z" },
    { url = "https://files.pythonhosted.org/packages/e3/05/857832b8fe6b2ec441de1154eadc66dee067ce5fb6673c3ee0b8616108ee/marisa_trie-1.3.1-cp314-cp314-manylinux_2_24_aarch64.manylinux_2_28_aarch64.whl", hash = "sha256:3a96ef3e461ecc85ec7d2233ddc449ff5a3fbdc520caea752bc5bc8faa975231", size = 1239979, upload-time = "2025-08-26T15:12:47.943Z" },
    { url = "https://files.pythonhosted.org/packages/4c/08/f9ea8b720a627d54e8e19f19a0ec1cc2011e01aa2b4f40d078e7f5e9e21f/marisa_trie-1.3.1-cp314-cp314-manylinux_2_24_x86_64.manylinux_2_28_x86_64.whl", hash = "sha256:5370f9ef6c008e502537cc1ff518c80ddf749367ce90179efa0e7f6275903a76", size = 1255705, upload-time = "2025-08-26T15:12:49.24Z" },
    { url = "https://files.pythonhosted.org/packages/e9/c3/42360fb38cdfde5db1783e2d7cfeb8b91eea837f89ef678f308ee026d794/marisa_trie-1.3.1-cp314-cp314-musllinux_1_2_aarch64.whl", hash = "sha256:0dcd42774e367ceb423c211a4fc8e7ce586acfaf0929c9c06d98002112075239", size = 2175092, upload-time = "2025-08-26T15:12:50.602Z" },
    { url = "https://files.pythonhosted.org/packages/09/ba/215b0d821fd37cdc600e834a75708aa2e117124dcf495c9a6c6dc7fdcb6b/marisa_trie-1.3.1-cp314-cp314-musllinux_1_2_x86_64.whl", hash = "sha256:3e2a0e1be95237981bd375a388f44b33d69ea5669a2f79fea038e45fff326595", size = 2250454, upload-time = "2025-08-26T15:12:52.435Z" },
    { url = "https://files.pythonhosted.org/packages/f5/a3/292ab31a12ec1cb356e6bc8b9cc8aaec920aa892a805757c011d77e8cd93/marisa_trie-1.3.1-cp314-cp314-win32.whl", hash = "sha256:c7a33506d0451112911c69f38d55da3e0e050f2be0ea4e5176865cf03baf26a9", size = 119101, upload-time = "2025-08-26T15:12:53.615Z" },
    { url = "https://files.pythonhosted.org/packages/95/83/0ea5de53209993cf301dd9d18d4cb22c20c84c753b4357b66660a8b9eb48/marisa_trie-1.3.1-cp314-cp314-win_amd64.whl", hash = "sha256:68678816818efcd4a1787b557af81f215b989ec88680a86c85c34c914d413690", size = 142886, upload-time = "2025-08-26T15:12:54.835Z" },
    { url = "https://files.pythonhosted.org/packages/37/00/c7e063867988067992a9d9d2aceaede0be7787ca6d77ef34f2eca9d2708e/marisa_trie-1.3.1-cp314-cp314t-macosx_10_13_x86_64.whl", hash = "sha256:9e467e13971c64db6aed8afe4c2a131c3f73f048bec3f788a6141216acda598d", size = 175163, upload-time = "2025-08-26T15:12:55.908Z" },
    { url = "https://files.pythonhosted.org/packages/5f/64/eaf49d10c8506ecd717bbbeda907e474842c298354a444b875741ef4a0d9/marisa_trie-1.3.1-cp314-cp314t-macosx_11_0_arm64.whl", hash = "sha256:076731f79f8603cb3216cb6e5bbbc56536c89f63f175ad47014219ecb01e5996", size = 163119, upload-time = "2025-08-26T15:12:58.054Z" },
    { url = "https://files.pythonhosted.org/packages/b4/26/f24dd9c98ce6fc8c8d554b556e1c43f326c5df414b79aba33bd7d2d2fbfd/marisa_trie-1.3.1-cp314-cp314t-manylinux_2_24_aarch64.manylinux_2_28_aarch64.whl", hash = "sha256:82de2de90488d0fbbf74cf9f20e1afd62e320693b88f5e9565fc80b28f5bbad3", size = 1277783, upload-time = "2025-08-26T15:12:59.225Z" },
    { url = "https://files.pythonhosted.org/packages/b2/1a/efd63e75d1374e08f8ebe2e15ff1b1ed5f6d5cf57614a5b0884bd9c882ee/marisa_trie-1.3.1-cp314-cp314t-manylinux_2_24_x86_64.manylinux_2_28_x86_64.whl", hash = "sha256:0c2bc6bee737f4d47fce48c5b03a7bd3214ef2d83eb5c9f84210091370a5f195", size = 1282309, upload-time = "2025-08-26T15:13:00.797Z" },
    { url = "https://files.pythonhosted.org/packages/33/4c/0cefa1eceec7858766af5939979857ac079c6c5251e00c6991c1a26bb1b7/marisa_trie-1.3.1-cp314-cp314t-musllinux_1_2_aarch64.whl", hash = "sha256:56043cf908ddf3d7364498085dbc2855d4ea8969aff3bf2439a79482a79e68e2", size = 2196594, upload-time = "2025-08-26T15:13:02.158Z" },
    { url = "https://files.pythonhosted.org/packages/bb/64/900f4132fc345be4b40073e66284707afa4cc203d8d0f1fe78c6b111cd47/marisa_trie-1.3.1-cp314-cp314t-musllinux_1_2_x86_64.whl", hash = "sha256:9651daa1fdc471df5a5fa6a4833d3b01e76ac512eea141a5995681aebac5555f", size = 2277730, upload-time = "2025-08-26T15:13:03.528Z" },
    { url = "https://files.pythonhosted.org/packages/62/ab/6d6cf25a5c8835589a601a9a916ec5cdee740e277fed8ee620df546834bb/marisa_trie-1.3.1-cp314-cp314t-win32.whl", hash = "sha256:c6571462417cda2239b1ade86ceaf3852da9b52c6286046e87d404afc6da20a7", size = 131409, upload-time = "2025-08-26T15:13:05.106Z" },
    { url = "https://files.pythonhosted.org/packages/9a/61/c4efc044141429e67e8fd5536be86d76303f250179c7f92b2cc0c72e8d0b/marisa_trie-1.3.1-cp314-cp314t-win_amd64.whl", hash = "sha256:9e6496bbad3068e3bbbb934b1e1307bf1a9cb4609f9ec47b57e8ea37f1b5ee40", size = 162564, upload-time = "2025-08-26T15:13:06.112Z" },
]

[[package]]
name = "pixel-font-knife"
version = "0.0.19"
source = { registry = "https://pypi.org/simple" }
dependencies = [
    { name = "pypng" },
    { name = "pyyaml" },
    { name = "unidata-blocks" },
]
sdist = { url = "https://files.pythonhosted.org/packages/3a/cd/4c416974eb6c8f3b74a5b8bf38073fad7e808e834bea5f88a54f49bea8a7/pixel_font_knife-0.0.19.tar.gz", hash = "sha256:9a05e0bc7eb88396c7444b28090b6c5a050200e304c5f9da4079e631f482f729", size = 5839, upload-time = "2025-10-14T03:19:44.442Z" }
wheels = [
    { url = "https://files.pythonhosted.org/packages/63/08/5425c50eb4f18dd6ab89fcc1c59381bbbb987f0fe86d323a4f58b3e1a731/pixel_font_knife-0.0.19-py3-none-any.whl", hash = "sha256:d207850b9e424fbf8d0f89a847db56b69672e747064237ca3a9460a9a6a71c0b", size = 8027, upload-time = "2025-10-14T03:19:43.615Z" },
]

[[package]]
name = "pixel-glyphs-hangul-syllables"
version = "0.0.0"
source = { virtual = "." }
dependencies = [
    { name = "loguru" },
    { name = "pixel-font-knife" },
]

[package.metadata]
requires-dist = [
    { name = "loguru", specifier = "==0.7.3" },
    { name = "pixel-font-knife", specifier = "==0.0.19" },
]

[[package]]
name = "pypng"
version = "0.20220715.0"
source = { registry = "https://pypi.org/simple" }
sdist = { url = "https://files.pythonhosted.org/packages/93/cd/112f092ec27cca83e0516de0a3368dbd9128c187fb6b52aaaa7cde39c96d/pypng-0.20220715.0.tar.gz", hash = "sha256:739c433ba96f078315de54c0db975aee537cbc3e1d0ae4ed9aab0ca1e427e2c1", size = 128992, upload-time = "2022-07-15T14:11:05.301Z" }
wheels = [
    { url = "https://files.pythonhosted.org/packages/3e/b9/3766cc361d93edb2ce81e2e1f87dd98f314d7d513877a342d31b30741680/pypng-0.20220715.0-py3-none-any.whl", hash = "sha256:4a43e969b8f5aaafb2a415536c1a8ec7e341cd6a3f957fd5b5f32a4cfeed902c", size = 58057, upload-time = "2022-07-15T14:11:03.713Z" },
]

[[package]]
name = "pyyaml"
version = "6.0.3"
source = { registry = "https://pypi.org/simple" }
sdist = { url = "https://files.pythonhosted.org/packages/05/8e/961c0007c59b8dd7729d542c61a4d537767a59645b82a0b521206e1e25c2/pyyaml-6.0.3.tar.gz", hash = "sha256:d76623373421df22fb4cf8817020cbb7ef15c725b9d5e45f17e189bfc384190f", size = 130960, upload-time = "2025-09-25T21:33:16.546Z" }
wheels = [
    { url = "https://files.pythonhosted.org/packages/9d/8c/f4bd7f6465179953d3ac9bc44ac1a8a3e6122cf8ada906b4f96c60172d43/pyyaml-6.0.3-cp314-cp314-macosx_10_13_x86_64.whl", hash = "sha256:8d1fab6bb153a416f9aeb4b8763bc0f22a5586065f86f7664fc23339fc1c1fac", size = 181814, upload-time = "2025-09-25T21:32:35.712Z" },
    { url = "https://files.pythonhosted.org/packages/bd/9c/4d95bb87eb2063d20db7b60faa3840c1b18025517ae857371c4dd55a6b3a/pyyaml-6.0.3-cp314-cp314-macosx_11_0_arm64.whl", hash = "sha256:34d5fcd24b8445fadc33f9cf348c1047101756fd760b4dacb5c3e99755703310", size = 173809, upload-time = "2025-09-25T21:32:36.789Z" },
    { url = "https://files.pythonhosted.org/packages/92/b5/47e807c2623074914e29dabd16cbbdd4bf5e9b2db9f8090fa64411fc5382/pyyaml-6.0.3-cp314-cp314-manylinux2014_aarch64.manylinux_2_17_aarch64.manylinux_2_28_aarch64.whl", hash = "sha256:501a031947e3a9025ed4405a168e6ef5ae3126c59f90ce0cd6f2bfc477be31b7", size = 766454, upload-time = "2025-09-25T21:32:37.966Z" },
    { url = "https://files.pythonhosted.org/packages/02/9e/e5e9b168be58564121efb3de6859c452fccde0ab093d8438905899a3a483/pyyaml-6.0.3-cp314-cp314-manylinux2014_s390x.manylinux_2_17_s390x.manylinux_2_28_s390x.whl", hash = "sha256:b3bc83488de33889877a0f2543ade9f70c67d66d9ebb4ac959502e12de895788", size = 836355, upload-time = "2025-09-25T21:32:39.178Z" },
    { url = "https://files.pythonhosted.org/packages/88/f9/16491d7ed2a919954993e48aa941b200f38040928474c9e85ea9e64222c3/pyyaml-6.0.3-cp314-cp314-manylinux2014_x86_64.manylinux_2_17_x86_64.manylinux_2_28_x86_64.whl", hash = "sha256:c458b6d084f9b935061bc36216e8a69a7e293a2f1e68bf956dcd9e6cbcd143f5", size = 794175, upload-time = "2025-09-25T21:32:40.865Z" },
    { url = "https://files.pythonhosted.org/packages/dd/3f/5989debef34dc6397317802b527dbbafb2b4760878a53d4166579111411e/pyyaml-6.0.3-cp314-cp314-musllinux_1_2_aarch64.whl", hash = "sha256:7c6610def4f163542a622a73fb39f534f8c101d690126992300bf3207eab9764", size = 755228, upload-time = "2025-09-25T21:32:42.084Z" },
    { url = "https://files.pythonhosted.org/packages/d7/ce/af88a49043cd2e265be63d083fc75b27b6ed062f5f9fd6cdc223ad62f03e/pyyaml-6.0.3-cp314-cp314-musllinux_1_2_x86_64.whl", hash = "sha256:5190d403f121660ce8d1d2c1bb2ef1bd05b5f68533fc5c2ea899bd15f4399b35", size = 789194, upload-time = "2025-09-25T21:32:43.362Z" },
    { url = "https://files.pythonhosted.org/packages/23/20/bb6982b26a40bb43951265ba29d4c246ef0ff59c9fdcdf0ed04e0687de4d/pyyaml-6.0.3-cp314-cp314-win_amd64.whl", hash = "sha256:4a2e8cebe2ff6ab7d1050ecd59c25d4c8bd7e6f400f5f82b96557ac0abafd0ac", size = 156429, upload-time = "2025-09-25T21:32:57.844Z" },
    { url = "https://files.pythonhosted.org/packages/f4/f4/a4541072bb9422c8a883ab55255f918fa378ecf083f5b85e87fc2b4eda1b/pyyaml-6.0.3-cp314-cp314-win_arm64.whl", hash = "sha256:93dda82c9c22deb0a405ea4dc5f2d0cda384168e466364dec6255b293923b2f3", size = 143912, upload-time = "2025-09-25T21:32:59.247Z" },
    { url = "https://files.pythonhosted.org/packages/7c/f9/07dd09ae774e4616edf6cda684ee78f97777bdd15847253637a6f052a62f/pyyaml-6.0.3-cp314-cp314t-macosx_10_13_x86_64.whl", hash = "sha256:02893d100e99e03eda1c8fd5c441d8c60103fd175728e23e431db1b589cf5ab3", size = 189108, upload-time = "2025-09-25T21:32:44.377Z" },
    { url = "https://files.pythonhosted.org/packages/4e/78/8d08c9fb7ce09ad8c38ad533c1191cf27f7ae1effe5bb9400a46d9437fcf/pyyaml-6.0.3-cp314-cp314t-macosx_11_0_arm64.whl", hash = "sha256:c1ff362665ae507275af2853520967820d9124984e0f7466736aea23d8611fba", size = 183641, upload-time = "2025-09-25T21:32:45.407Z" },
    { url = "https://files.pythonhosted.org/packages/7b/5b/3babb19104a46945cf816d047db2788bcaf8c94527a805610b0289a01c6b/pyyaml-6.0.3-cp314-cp314t-manylinux2014_aarch64.manylinux_2_17_aarch64.manylinux_2_28_aarch64.whl", hash = "sha256:6adc77889b628398debc7b65c073bcb99c4a0237b248cacaf3fe8a557563ef6c", size = 831901, upload-time = "2025-09-25T21:32:48.83Z" },
    { url = "https://files.pythonhosted.org/packages/8b/cc/dff0684d8dc44da4d22a13f35f073d558c268780ce3c6ba1b87055bb0b87/pyyaml-6.0.3-cp314-cp314t-manylinux2014_s390x.manylinux_2_17_s390x.manylinux_2_28_s390x.whl", hash = "sha256:a80cb027f6b349846a3bf6d73b5e95e782175e52f22108cfa17876aaeff93702", size = 861132, upload-time = "2025-09-25T21:32:50.149Z" },
    { url = "https://files.pythonhosted.org/packages/b1/5e/f77dc6b9036943e285ba76b49e118d9ea929885becb0a29ba8a7c75e29fe/pyyaml-6.0.3-cp314-cp314t-manylinux2014_x86_64.manylinux_2_17_x86_64.manylinux_2_28_x86_64.whl", hash = "sha256:00c4bdeba853cc34e7dd471f16b4114f4162dc03e6b7afcc2128711f0eca823c", size = 839261, upload-time = "2025-09-25T21:32:51.808Z" },
    { url = "https://files.pythonhosted.org/packages/ce/88/a9db1376aa2a228197c58b37302f284b5617f56a5d959fd1763fb1675ce6/pyyaml-6.0.3-cp314-cp314t-musllinux_1_2_aarch64.whl", hash = "sha256:66e1674c3ef6f541c35191caae2d429b967b99e02040f5ba928632d9a7f0f065", size = 805272, upload-time = "2025-09-25T21:32:52.941Z" },
    { url = "https://files.pythonhosted.org/packages/da/92/1446574745d74df0c92e6aa4a7b0b3130706a4142b2d1a5869f2eaa423c6/pyyaml-6.0.3-cp314-cp314t-musllinux_1_2_x86_64.whl", hash = "sha256:16249ee61e95f858e83976573de0f5b2893b3677ba71c9dd36b9cf8be9ac6d65", size = 829923, upload-time = "2025-09-25T21:32:54.537Z" },
    { url = "https://files.pythonhosted.org/packages/f0/7a/1c7270340330e575b92f397352af856a8c06f230aa3e76f86b39d01b416a/pyyaml-6.0.3-cp314-cp314t-win_amd64.whl", hash = "sha256:4ad1906908f2f5ae4e5a8ddfce73c320c2a1429ec52eafd27138b7f1cbe341c9", size = 174062, upload-time = "2025-09-25T21:32:55.767Z" },
    { url = "https://files.pythonhosted.org/packages/f1/12/de94a39c2ef588c7e6455cfbe7343d3b2dc9d6b6b2f40c4c6565744c873d/pyyaml-6.0.3-cp314-cp314t-win_arm64.whl", hash = "sha256:ebc55a14a21cb14062aa4162f906cd962b28e2e9ea38f9b4391244cd8de4ae0b", size = 149341, upload-time = "2025-09-25T21:32:56.828Z" },
]

[[package]]
name = "unidata-blocks"
version = "0.0.23"
source = { registry = "https://pypi.org/simple" }
dependencies = [
    { name = "langcodes" },
]
sdist = { url = "https://files.pythonhosted.org/packages/ff/cf/88b8d253ae178914791b6ee1c77401f802efb4742b14bcd8d4224f7ad1eb/unidata_blocks-0.0.23.tar.gz", hash = "sha256:380fc450994c0d7a17c88a6b9386d5c3c00d97b2f7fd591f0ce464073b317834", size = 13857, upload-time = "2025-10-18T21:08:19.049Z" }
wheels = [
    { url = "https://files.pythonhosted.org/packages/ea/cf/04b28a6a348180b641aaf07cb76db099a0c6846491717f5f297c75846ccf/unidata_blocks-0.0.23-py3-none-any.whl", hash = "sha256:04d66a96071188bc9bef154297595b826cb64162a17d8c18f02b2a8acf856927", size = 19213, upload-time = "2025-10-18T21:08:17.433Z" },
]

[[package]]
name = "win32-setctime"
version = "1.2.0"
source = { registry = "https://pypi.org/simple" }
sdist = { url = "https://files.pythonhosted.org/packages/b3/8f/705086c9d734d3b663af0e9bb3d4de6578d08f46b1b101c2442fd9aecaa2/win32_setctime-1.2.0.tar.gz", hash = "sha256:ae1fdf948f5640aae05c511ade119313fb6a30d7eabe25fef9764dca5873c4c0", size = 4867, upload-time = "2024-12-07T15:28:28.314Z" }
wheels = [
    { url = "https://files.pythonhosted.org/packages/e1/07/c6fe3ad3e685340704d314d765b7912993bcb8dc198f0e7a89382d37974b/win32_setctime-1.2.0-py3-none-any.whl", hash = "sha256:95d644c4e708aba81dc3704a116d8cbc974d70b3bdb8be1d150e36be6e9d1390", size = 4083, upload-time = "2024-12-07T15:28:26.465Z" },
]
